// !$*UTF8*$!
{
	archiveVersion = 1;
	classes = {
	};
	objectVersion = 55;
	objects = {

/* Begin PBXBuildFile section */
		805B915928B47384000EE60E /* HomeViewController.swift in Sources */ = {isa = PBXBuildFile; fileRef = 805B915828B47384000EE60E /* HomeViewController.swift */; };
		80714B6F28C036C900C5B2A9 /* PokemonListViewController.swift in Sources */ = {isa = PBXBuildFile; fileRef = 80714B6E28C036C900C5B2A9 /* PokemonListViewController.swift */; };
		80714B7128C03C7400C5B2A9 /* PokeDetalleViewController.swift in Sources */ = {isa = PBXBuildFile; fileRef = 80714B7028C03C7400C5B2A9 /* PokeDetalleViewController.swift */; };
		8085E31028ADC5E7005BB535 /* AppDelegate.swift in Sources */ = {isa = PBXBuildFile; fileRef = 8085E30F28ADC5E7005BB535 /* AppDelegate.swift */; };
		8085E31228ADC5E7005BB535 /* SceneDelegate.swift in Sources */ = {isa = PBXBuildFile; fileRef = 8085E31128ADC5E7005BB535 /* SceneDelegate.swift */; };
		8085E31428ADC5E7005BB535 /* ViewController.swift in Sources */ = {isa = PBXBuildFile; fileRef = 8085E31328ADC5E7005BB535 /* ViewController.swift */; };
		8085E31728ADC5E7005BB535 /* Main.storyboard in Resources */ = {isa = PBXBuildFile; fileRef = 8085E31528ADC5E7005BB535 /* Main.storyboard */; };
		8085E31928ADC5E8005BB535 /* Assets.xcassets in Resources */ = {isa = PBXBuildFile; fileRef = 8085E31828ADC5E8005BB535 /* Assets.xcassets */; };
		8085E31C28ADC5E8005BB535 /* LaunchScreen.storyboard in Resources */ = {isa = PBXBuildFile; fileRef = 8085E31A28ADC5E8005BB535 /* LaunchScreen.storyboard */; };
		80A30AD328B7032400D01EA5 /* LoginNeflixController.swift in Sources */ = {isa = PBXBuildFile; fileRef = 80A30AD228B7032400D01EA5 /* LoginNeflixController.swift */; };
/* End PBXBuildFile section */

/* Begin PBXFileReference section */
		805B915828B47384000EE60E /* HomeViewController.swift */ = {isa = PBXFileReference; lastKnownFileType = sourcecode.swift; path = HomeViewController.swift; sourceTree = "<group>"; };
		80714B6E28C036C900C5B2A9 /* PokemonListViewController.swift */ = {isa = PBXFileReference; lastKnownFileType = sourcecode.swift; path = PokemonListViewController.swift; sourceTree = "<group>"; };
		80714B7028C03C7400C5B2A9 /* PokeDetalleViewController.swift */ = {isa = PBXFileReference; lastKnownFileType = sourcecode.swift; path = PokeDetalleViewController.swift; sourceTree = "<group>"; };
		8085E30C28ADC5E7005BB535 /* pjtwo.app */ = {isa = PBXFileReference; explicitFileType = wrapper.application; includeInIndex = 0; path = pjtwo.app; sourceTree = BUILT_PRODUCTS_DIR; };
		8085E30F28ADC5E7005BB535 /* AppDelegate.swift */ = {isa = PBXFileReference; lastKnownFileType = sourcecode.swift; path = AppDelegate.swift; sourceTree = "<group>"; };
		8085E31128ADC5E7005BB535 /* SceneDelegate.swift */ = {isa = PBXFileReference; lastKnownFileType = sourcecode.swift; path = SceneDelegate.swift; sourceTree = "<group>"; };
		8085E31328ADC5E7005BB535 /* ViewController.swift */ = {isa = PBXFileReference; lastKnownFileType = sourcecode.swift; path = ViewController.swift; sourceTree = "<group>"; };
		8085E31628ADC5E7005BB535 /* Base */ = {isa = PBXFileReference; lastKnownFileType = file.storyboard; name = Base; path = Base.lproj/Main.storyboard; sourceTree = "<group>"; };
		8085E31828ADC5E8005BB535 /* Assets.xcassets */ = {isa = PBXFileReference; lastKnownFileType = folder.assetcatalog; path = Assets.xcassets; sourceTree = "<group>"; };
		8085E31B28ADC5E8005BB535 /* Base */ = {isa = PBXFileReference; lastKnownFileType = file.storyboard; name = Base; path = Base.lproj/LaunchScreen.storyboard; sourceTree = "<group>"; };
		8085E31D28ADC5E8005BB535 /* Info.plist */ = {isa = PBXFileReference; lastKnownFileType = text.plist.xml; path = Info.plist; sourceTree = "<group>"; };
		80A30AD228B7032400D01EA5 /* LoginNeflixController.swift */ = {isa = PBXFileReference; lastKnownFileType = sourcecode.swift; path = LoginNeflixController.swift; sourceTree = "<group>"; };
/* End PBXFileReference section */

/* Begin PBXFrameworksBuildPhase section */
		8085E30928ADC5E7005BB535 /* Frameworks */ = {
			isa = PBXFrameworksBuildPhase;
			buildActionMask = 2147483647;
			files = (
			);
			runOnlyForDeploymentPostprocessing = 0;
		};
/* End PBXFrameworksBuildPhase section */

/* Begin PBXGroup section */
		8085E30328ADC5E7005BB535 = {
			isa = PBXGroup;
			children = (
				8085E30E28ADC5E7005BB535 /* pjtwo */,
				8085E30D28ADC5E7005BB535 /* Products */,
			);
			sourceTree = "<group>";
		};
		8085E30D28ADC5E7005BB535 /* Products */ = {
			isa = PBXGroup;
			children = (
				8085E30C28ADC5E7005BB535 /* pjtwo.app */,
			);
			name = Products;
			sourceTree = "<group>";
		};
		8085E30E28ADC5E7005BB535 /* pjtwo */ = {
			isa = PBXGroup;
			children = (
				8085E30F28ADC5E7005BB535 /* AppDelegate.swift */,
				8085E31128ADC5E7005BB535 /* SceneDelegate.swift */,
				8085E31328ADC5E7005BB535 /* ViewController.swift */,
				8085E31528ADC5E7005BB535 /* Main.storyboard */,
				8085E31828ADC5E8005BB535 /* Assets.xcassets */,
				8085E31A28ADC5E8005BB535 /* LaunchScreen.storyboard */,
				8085E31D28ADC5E8005BB535 /* Info.plist */,
				805B915828B47384000EE60E /* HomeViewController.swift */,
				80A30AD228B7032400D01EA5 /* LoginNeflixController.swift */,
				80714B6E28C036C900C5B2A9 /* PokemonListViewController.swift */,
				80714B7028C03C7400C5B2A9 /* PokeDetalleViewController.swift */,
			);
			path = pjtwo;
			sourceTree = "<group>";
		};
/* End PBXGroup section */

/* Begin PBXNativeTarget section */
		8085E30B28ADC5E7005BB535 /* pjtwo */ = {
			isa = PBXNativeTarget;
			buildConfigurationList = 8085E32028ADC5E8005BB535 /* Build configuration list for PBXNativeTarget "pjtwo" */;
			buildPhases = (
				8085E30828ADC5E7005BB535 /* Sources */,
				8085E30928ADC5E7005BB535 /* Frameworks */,
				8085E30A28ADC5E7005BB535 /* Resources */,
			);
			buildRules = (
			);
			dependencies = (
			);
			name = pjtwo;
			productName = pjtwo;
			productReference = 8085E30C28ADC5E7005BB535 /* pjtwo.app */;
			productType = "com.apple.product-type.application";
		};
/* End PBXNativeTarget section */

/* Begin PBXProject section */
		8085E30428ADC5E7005BB535 /* Project object */ = {
			isa = PBXProject;
			attributes = {
				BuildIndependentTargetsInParallel = 1;
				LastSwiftUpdateCheck = 1340;
				LastUpgradeCheck = 1340;
				TargetAttributes = {
					8085E30B28ADC5E7005BB535 = {
						CreatedOnToolsVersion = 13.4.1;
					};
				};
			};
			buildConfigurationList = 8085E30728ADC5E7005BB535 /* Build configuration list for PBXProject "pjtwo" */;
			compatibilityVersion = "Xcode 13.0";
			developmentRegion = en;
			hasScannedForEncodings = 0;
			knownRegions = (
				en,
				Base,
			);
			mainGroup = 8085E30328ADC5E7005BB535;
			productRefGroup = 8085E30D28ADC5E7005BB535 /* Products */;
			projectDirPath = "";
			projectRoot = "";
			targets = (
				8085E30B28ADC5E7005BB535 /* pjtwo */,
			);
		};
/* End PBXProject section */

/* Begin PBXResourcesBuildPhase section */
		8085E30A28ADC5E7005BB535 /* Resources */ = {
			isa = PBXResourcesBuildPhase;
			buildActionMask = 2147483647;
			files = (
				8085E31C28ADC5E8005BB535 /* LaunchScreen.storyboard in Resources */,
				8085E31928ADC5E8005BB535 /* Assets.xcassets in Resources */,
				8085E31728ADC5E7005BB535 /* Main.storyboard in Resources */,
			);
			runOnlyForDeploymentPostprocessing = 0;
		};
/* End PBXResourcesBuildPhase section */

/* Begin PBXSourcesBuildPhase section */
		8085E30828ADC5E7005BB535 /* Sources */ = {
			isa = PBXSourcesBuildPhase;
			buildActionMask = 2147483647;
			files = (
				8085E31428ADC5E7005BB535 /* ViewController.swift in Sources */,
				80714B7128C03C7400C5B2A9 /* PokeDetalleViewController.swift in Sources */,
				8085E31028ADC5E7005BB535 /* AppDelegate.swift in Sources */,
				8085E31228ADC5E7005BB535 /* SceneDelegate.swift in Sources */,
				805B915928B47384000EE60E /* HomeViewController.swift in Sources */,
				80714B6F28C036C900C5B2A9 /* PokemonListViewController.swift in Sources */,
				80A30AD328B7032400D01EA5 /* LoginNeflixController.swift in Sources */,
			);
			runOnlyForDeploymentPostprocessing = 0;
		};
/* End PBXSourcesBuildPhase section */

/* Begin PBXVariantGroup section */
		8085E31528ADC5E7005BB535 /* Main.storyboard */ = {
			isa = PBXVariantGroup;
			children = (
				8085E31628ADC5E7005BB535 /* Base */,
			);
			name = Main.storyboard;
			sourceTree = "<group>";
		};
		8085E31A28ADC5E8005BB535 /* LaunchScreen.storyboard */ = {
			isa = PBXVariantGroup;
			children = (
				8085E31B28ADC5E8005BB535 /* Base */,
			);
			name = LaunchScreen.storyboard;
			sourceTree = "<group>";
		};
/* End PBXVariantGroup section */

/* Begin XCBuildConfiguration section */
		8085E31E28ADC5E8005BB535 /* Debug */ = {
			isa = XCBuildConfiguration;
			buildSettings = {
				ALWAYS_SEARCH_USER_PATHS = NO;
				CLANG_ANALYZER_NONNULL = YES;
				CLANG_ANALYZER_NUMBER_OBJECT_CONVERSION = YES_AGGRESSIVE;
				CLANG_CXX_LANGUAGE_STANDARD = "gnu++17";
				CLANG_ENABLE_MODULES = YES;
				CLANG_ENABLE_OBJC_ARC = YES;
				CLANG_ENABLE_OBJC_WEAK = YES;
				CLANG_WARN_BLOCK_CAPTURE_AUTORELEASING = YES;
				CLANG_WARN_BOOL_CONVERSION = YES;
				CLANG_WARN_COMMA = YES;
				CLANG_WARN_CONSTANT_CONVERSION = YES;
				CLANG_WARN_DEPRECATED_OBJC_IMPLEMENTATIONS = YES;
				CLANG_WARN_DIRECT_OBJC_ISA_USAGE = YES_ERROR;
				CLANG_WARN_DOCUMENTATION_COMMENTS = YES;
				CLANG_WARN_EMPTY_BODY = YES;
				CLANG_WARN_ENUM_CONVERSION = YES;
				CLANG_WARN_INFINITE_RECURSION = YES;
				CLANG_WARN_INT_CONVERSION = YES;
				CLANG_WARN_NON_LITERAL_NULL_CONVERSION = YES;
				CLANG_WARN_OBJC_IMPLICIT_RETAIN_SELF = YES;
				CLANG_WARN_OBJC_LITERAL_CONVERSION = YES;
				CLANG_WARN_OBJC_ROOT_CLASS = YES_ERROR;
				CLANG_WARN_QUOTED_INCLUDE_IN_FRAMEWORK_HEADER = YES;
				CLANG_WARN_RANGE_LOOP_ANALYSIS = YES;
				CLANG_WARN_STRICT_PROTOTYPES = YES;
				CLANG_WARN_SUSPICIOUS_MOVE = YES;
				CLANG_WARN_UNGUARDED_AVAILABILITY = YES_AGGRESSIVE;
				CLANG_WARN_UNREACHABLE_CODE = YES;
				CLANG_WARN__DUPLICATE_METHOD_MATCH = YES;
				COPY_PHASE_STRIP = NO;
				DEBUG_INFORMATION_FORMAT = dwarf;
				ENABLE_STRICT_OBJC_MSGSEND = YES;
				ENABLE_TESTABILITY = YES;
				GCC_C_LANGUAGE_STANDARD = gnu11;
				GCC_DYNAMIC_NO_PIC = NO;
				GCC_NO_COMMON_BLOCKS = YES;
				GCC_OPTIMIZATION_LEVEL = 0;
				GCC_PREPROCESSOR_DEFINITIONS = (
					"DEBUG=1",
					"$(inherited)",
				);
				GCC_WARN_64_TO_32_BIT_CONVERSION = YES;
				GCC_WARN_ABOUT_RETURN_TYPE = YES_ERROR;
				GCC_WARN_UNDECLARED_SELECTOR = YES;
				GCC_WARN_UNINITIALIZED_AUTOS = YES_AGGRESSIVE;
				GCC_WARN_UNUSED_FUNCTION = YES;
				GCC_WARN_UNUSED_VARIABLE = YES;
				IPHONEOS_DEPLOYMENT_TARGET = 15.5;
				MTL_ENABLE_DEBUG_INFO = INCLUDE_SOURCE;
				MTL_FAST_MATH = YES;
				ONLY_ACTIVE_ARCH = YES;
				SDKROOT = iphoneos;
				SWIFT_ACTIVE_COMPILATION_CONDITIONS = DEBUG;
				SWIFT_OPTIMIZATION_LEVEL = "-Onone";
			};
			name = Debug;
		};
		8085E31F28ADC5E8005BB535 /* Release */ = {
			isa = XCBuildConfiguration;
			buildSettings = {
				ALWAYS_SEARCH_USER_PATHS = NO;
				CLANG_ANALYZER_NONNULL = YES;
				CLANG_ANALYZER_NUMBER_OBJECT_CONVERSION = YES_AGGRESSIVE;
				CLANG_CXX_LANGUAGE_STANDARD = "gnu++17";
				CLANG_ENABLE_MODULES = YES;
				CLANG_ENABLE_OBJC_ARC = YES;
				CLANG_ENABLE_OBJC_WEAK = YES;
				CLANG_WARN_BLOCK_CAPTURE_AUTORELEASING = YES;
				CLANG_WARN_BOOL_CONVERSION = YES;
				CLANG_WARN_COMMA = YES;
				CLANG_WARN_CONSTANT_CONVERSION = YES;
				CLANG_WARN_DEPRECATED_OBJC_IMPLEMENTATIONS = YES;
				CLANG_WARN_DIRECT_OBJC_ISA_USAGE = YES_ERROR;
				CLANG_WARN_DOCUMENTATION_COMMENTS = YES;
				CLANG_WARN_EMPTY_BODY = YES;
				CLANG_WARN_ENUM_CONVERSION = YES;
				CLANG_WARN_INFINITE_RECURSION = YES;
				CLANG_WARN_INT_CONVERSION = YES;
				CLANG_WARN_NON_LITERAL_NULL_CONVERSION = YES;
				CLANG_WARN_OBJC_IMPLICIT_RETAIN_SELF = YES;
				CLANG_WARN_OBJC_LITERAL_CONVERSION = YES;
				CLANG_WARN_OBJC_ROOT_CLASS = YES_ERROR;
				CLANG_WARN_QUOTED_INCLUDE_IN_FRAMEWORK_HEADER = YES;
				CLANG_WARN_RANGE_LOOP_ANALYSIS = YES;
				CLANG_WARN_STRICT_PROTOTYPES = YES;
				CLANG_WARN_SUSPICIOUS_MOVE = YES;
				CLANG_WARN_UNGUARDED_AVAILABILITY = YES_AGGRESSIVE;
				CLANG_WARN_UNREACHABLE_CODE = YES;
				CLANG_WARN__DUPLICATE_METHOD_MATCH = YES;
				COPY_PHASE_STRIP = NO;
				DEBUG_INFORMATION_FORMAT = "dwarf-with-dsym";
				ENABLE_NS_ASSERTIONS = NO;
				ENABLE_STRICT_OBJC_MSGSEND = YES;
				GCC_C_LANGUAGE_STANDARD = gnu11;
				GCC_NO_COMMON_BLOCKS = YES;
				GCC_WARN_64_TO_32_BIT_CONVERSION = YES;
				GCC_WARN_ABOUT_RETURN_TYPE = YES_ERROR;
				GCC_WARN_UNDECLARED_SELECTOR = YES;
				GCC_WARN_UNINITIALIZED_AUTOS = YES_AGGRESSIVE;
				GCC_WARN_UNUSED_FUNCTION = YES;
				GCC_WARN_UNUSED_VARIABLE = YES;
				IPHONEOS_DEPLOYMENT_TARGET = 15.5;
				MTL_ENABLE_DEBUG_INFO = NO;
				MTL_FAST_MATH = YES;
				SDKROOT = iphoneos;
				SWIFT_COMPILATION_MODE = wholemodule;
				SWIFT_OPTIMIZATION_LEVEL = "-O";
				VALIDATE_PRODUCT = YES;
			};
			name = Release;
		};
		8085E32128ADC5E8005BB535 /* Debug */ = {
			isa = XCBuildConfiguration;
			buildSettings = {
				ASSETCATALOG_COMPILER_APPICON_NAME = AppIcon;
				ASSETCATALOG_COMPILER_GLOBAL_ACCENT_COLOR_NAME = AccentColor;
				CODE_SIGN_STYLE = Automatic;
				CURRENT_PROJECT_VERSION = 1;
				GENERATE_INFOPLIST_FILE = YES;
				INFOPLIST_FILE = pjtwo/Info.plist;
				INFOPLIST_KEY_CFBundleDisplayName = main;
				INFOPLIST_KEY_UIApplicationSupportsIndirectInputEvents = YES;
				INFOPLIST_KEY_UILaunchStoryboardName = LaunchScreen;
				INFOPLIST_KEY_UIMainStoryboardFile = Main;
				INFOPLIST_KEY_UISupportedInterfaceOrientations_iPad = "UIInterfaceOrientationPortrait UIInterfaceOrientationPortraitUpsideDown UIInterfaceOrientationLandscapeLeft UIInterfaceOrientationLandscapeRight";
				INFOPLIST_KEY_UISupportedInterfaceOrientations_iPhone = "UIInterfaceOrientationPortrait UIInterfaceOrientationLandscapeLeft UIInterfaceOrientationLandscapeRight";
				LD_RUNPATH_SEARCH_PATHS = (
					"$(inherited)",
					"@executable_path/Frameworks",
				);
				MARKETING_VERSION = 1.0;
				PRODUCT_BUNDLE_IDENTIFIER = com.jaguarteam.pjtwo;
				PRODUCT_NAME = "$(TARGET_NAME)";
				SWIFT_EMIT_LOC_STRINGS = YES;
				SWIFT_VERSION = 5.0;
				TARGETED_DEVICE_FAMILY = "1,2";
			};
			name = Debug;
		};
		8085E32228ADC5E8005BB535 /* Release */ = {
			isa = XCBuildConfiguration;
			buildSettings = {
				ASSETCATALOG_COMPILER_APPICON_NAME = AppIcon;
				ASSETCATALOG_COMPILER_GLOBAL_ACCENT_COLOR_NAME = AccentColor;
				CODE_SIGN_STYLE = Automatic;
				CURRENT_PROJECT_VERSION = 1;
				GENERATE_INFOPLIST_FILE = YES;
				INFOPLIST_FILE = pjtwo/Info.plist;
				INFOPLIST_KEY_CFBundleDisplayName = main;
				INFOPLIST_KEY_UIApplicationSupportsIndirectInputEvents = YES;
				INFOPLIST_KEY_UILaunchStoryboardName = LaunchScreen;
				INFOPLIST_KEY_UIMainStoryboardFile = Main;
				INFOPLIST_KEY_UISupportedInterfaceOrientations_iPad = "UIInterfaceOrientationPortrait UIInterfaceOrientationPortraitUpsideDown UIInterfaceOrientationLandscapeLeft UIInterfaceOrientationLandscapeRight";
				INFOPLIST_KEY_UISupportedInterfaceOrientations_iPhone = "UIInterfaceOrientationPortrait UIInterfaceOrientationLandscapeLeft UIInterfaceOrientationLandscapeRight";
				LD_RUNPATH_SEARCH_PATHS = (
					"$(inherited)",
					"@executable_path/Frameworks",
				);
				MARKETING_VERSION = 1.0;
				PRODUCT_BUNDLE_IDENTIFIER = com.jaguarteam.pjtwo;
				PRODUCT_NAME = "$(TARGET_NAME)";
				SWIFT_EMIT_LOC_STRINGS = YES;
				SWIFT_VERSION = 5.0;
				TARGETED_DEVICE_FAMILY = "1,2";
			};
			name = Release;
		};
/* End XCBuildConfiguration section */

/* Begin XCConfigurationList section */
		8085E30728ADC5E7005BB535 /* Build configuration list for PBXProject "pjtwo" */ = {
			isa = XCConfigurationList;
			buildConfigurations = (
				8085E31E28ADC5E8005BB535 /* Debug */,
				8085E31F28ADC5E8005BB535 /* Release */,
			);
			defaultConfigurationIsVisible = 0;
			defaultConfigurationName = Release;
		};
		8085E32028ADC5E8005BB535 /* Build configuration list for PBXNativeTarget "pjtwo" */ = {
			isa = XCConfigurationList;
			buildConfigurations = (
				8085E32128ADC5E8005BB535 /* Debug */,
				8085E32228ADC5E8005BB535 /* Release */,
			);
			defaultConfigurationIsVisible = 0;
			defaultConfigurationName = Release;
		};
/* End XCConfigurationList section */
	};
	rootObject = 8085E30428ADC5E7005BB535 /* Project object */;
}
